
Microsoft Visual Studio Solution File, Format Version 12.00
# Visual Studio Version 16
VisualStudioVersion = 16.0.31112.23
MinimumVisualStudioVersion = 10.0.40219.1
Project("{FAE04EC0-301F-11D3-BF4B-00C04F79EFBC}") = "WindowsFormsPBL3", "WindowsFormsPBL3\WindowsFormsPBL3.csproj", "{48BB6DB0-3EA6-4ED1-BE6E-7851B24F6FAF}"
EndProject
Project("{FAE04EC0-301F-11D3-BF4B-00C04F79EFBC}") = "ClassLibraryPBL3", "ClassLibraryPBL3\ClassLibraryPBL3.csproj", "{E0FE78D4-504D-4FAE-B25D-7E6EBC7076E9}"
EndProject
Global
	GlobalSection(SolutionConfigurationPlatforms) = preSolution
		Debug|Any CPU = Debug|Any CPU
		Release|Any CPU = Release|Any CPU
	EndGlobalSection
	GlobalSection(ProjectConfigurationPlatforms) = postSolution
		{48BB6DB0-3EA6-4ED1-BE6E-7851B24F6FAF}.Debug|Any CPU.ActiveCfg = Debug|Any CPU
		{48BB6DB0-3EA6-4ED1-BE6E-7851B24F6FAF}.Debug|Any CPU.Build.0 = Debug|Any CPU
		{48BB6DB0-3EA6-4ED1-BE6E-7851B24F6FAF}.Release|Any CPU.ActiveCfg = Release|Any CPU
		{48BB6DB0-3EA6-4ED1-BE6E-7851B24F6FAF}.Release|Any CPU.Build.0 = Release|Any CPU
		{E0FE78D4-504D-4FAE-B25D-7E6EBC7076E9}.Debug|Any CPU.ActiveCfg = Debug|Any CPU
		{E0FE78D4-504D-4FAE-B25D-7E6EBC7076E9}.Debug|Any CPU.Build.0 = Debug|Any CPU
		{E0FE78D4-504D-4FAE-B25D-7E6EBC7076E9}.Release|Any CPU.ActiveCfg = Release|Any CPU
		{E0FE78D4-504D-4FAE-B25D-7E6EBC7076E9}.Release|Any CPU.Build.0 = Release|Any CPU
	EndGlobalSection
	GlobalSection(SolutionProperties) = preSolution
		HideSolutionNode = FALSE
	EndGlobalSection
	GlobalSection(ExtensibilityGlobals) = postSolution
		SolutionGuid = {D6422612-E563-4602-8D59-4882E11DA953}
	EndGlobalSection
EndGlobal
